
Microsoft Visual Studio Solution File, Format Version 12.00
# Visual Studio Version 16
VisualStudioVersion = 16.0.31105.61
MinimumVisualStudioVersion = 10.0.40219.1
Project("{2150E333-8FDC-42A3-9474-1A3956D46DE8}") = "Solution Items", "Solution Items", "{4A5A60DD-41B6-40BF-B677-227A921ECCC8}"
	ProjectSection(SolutionItems) = preProject
		Directory.Build.props = Directory.Build.props
		Directory.Build.targets = Directory.Build.targets
		Npgsql.snk = Npgsql.snk
	EndProjectSection
EndProject
Project("{9A19103F-16F7-4668-BE54-9A1E7A4F7556}") = "EF6.PG", "EF6.PG\EF6.PG.csproj", "{3EC85CBA-5B79-11E3-8104-0022198AB089}"
EndProject
Project("{9A19103F-16F7-4668-BE54-9A1E7A4F7556}") = "EF6.PG.Tests", "EF6.PG.Tests\EF6.PG.Tests.csproj", "{4A0A42DE-C8B8-11E4-8EC9-005056A163A4}"
EndProject
Global
	GlobalSection(SolutionConfigurationPlatforms) = preSolution
		Debug|Any CPU = Debug|Any CPU
		Release|Any CPU = Release|Any CPU
	EndGlobalSection
	GlobalSection(ProjectConfigurationPlatforms) = postSolution
		{3EC85CBA-5B79-11E3-8104-0022198AB089}.Debug|Any CPU.ActiveCfg = Debug|Any CPU
		{3EC85CBA-5B79-11E3-8104-0022198AB089}.Debug|Any CPU.Build.0 = Debug|Any CPU
		{3EC85CBA-5B79-11E3-8104-0022198AB089}.Release|Any CPU.ActiveCfg = Release|Any CPU
		{3EC85CBA-5B79-11E3-8104-0022198AB089}.Release|Any CPU.Build.0 = Release|Any CPU
		{4A0A42DE-C8B8-11E4-8EC9-005056A163A4}.Debug|Any CPU.ActiveCfg = Debug|Any CPU
		{4A0A42DE-C8B8-11E4-8EC9-005056A163A4}.Debug|Any CPU.Build.0 = Debug|Any CPU
		{4A0A42DE-C8B8-11E4-8EC9-005056A163A4}.Release|Any CPU.ActiveCfg = Release|Any CPU
		{4A0A42DE-C8B8-11E4-8EC9-005056A163A4}.Release|Any CPU.Build.0 = Release|Any CPU
	EndGlobalSection
	GlobalSection(SolutionProperties) = preSolution
		HideSolutionNode = FALSE
	EndGlobalSection
	GlobalSection(ExtensibilityGlobals) = postSolution
		SolutionGuid = {84B4C9EA-ED4F-4E87-8809-297958315622}
	EndGlobalSection
	GlobalSection(MonoDevelopProperties) = preSolution
		StartupItem = Npgsql.csproj
	EndGlobalSection
EndGlobal
